# This file is automatically @generated by Cargo.
# It is not intended for manual editing.
version = 4

[[package]]
name = "oscons"
version = "0.1.0"

[[package]]
name = "stage16"
version = "0.1.0"
dependencies = [
 "oscons",
]

[[package]]
name = "stage32"
version = "0.1.0"
dependencies = [
 "oscons",
]

[[package]]
name = "stage64"
version = "0.1.0"
dependencies = [
 "oscons",
]
